{
	"name": "lerna-pkg-core",
	"version": "1.0.1",
	"lockfileVersion": 1,
	"requires": true,
	"dependencies": {
		"dayjs": {
			"version": "1.9.3",
			"resolved": "https://registry.npmjs.org/dayjs/-/dayjs-1.9.3.tgz",
			"integrity": "sha512-V+1SyIvkS+HmNbN1G7A9+ERbFTV9KTXu6Oor98v2xHmzzpp52OIJhQuJSTywWuBY5pyAEmlwbCi1Me87n/SLOw=="
		},
		"lerna-pkg-util": {
			"version": "0.0.8",
			"resolved": "https://registry.npmjs.org/lerna-pkg-util/-/lerna-pkg-util-0.0.8.tgz",
			"integrity": "sha512-ELQZ8oXHNCwnncoMoHX943t/6M/9ccKZRi5L7I2sztqO6OhRCgD0/lUrIs0HerQXHXcGYJfZ0o3tOeemNEgNZA==",
			"requires": {
				"dayjs": "^1.9.3"
			}
		}
	}
}
